
Microsoft Visual Studio Solution File, Format Version 12.00
# Visual Studio Version 16
VisualStudioVersion = 16.6.30114.105
MinimumVisualStudioVersion = 10.0.40219.1
Project("{FAE04EC0-301F-11D3-BF4B-00C04F79EFBC}") = "API", "API\API.csproj", "{79C7A568-9107-4BB1-AAA5-66EB5B086C66}"
EndProject
Project("{FAE04EC0-301F-11D3-BF4B-00C04F79EFBC}") = "Persistence", "Persistence\Persistence.csproj", "{8799DB43-549F-4A22-91B7-FF16F6C185EE}"
EndProject
Project("{FAE04EC0-301F-11D3-BF4B-00C04F79EFBC}") = "Domain", "Domain\Domain.csproj", "{B7B0D750-81CA-4785-B9D3-1399974FBCD1}"
EndProject
Project("{FAE04EC0-301F-11D3-BF4B-00C04F79EFBC}") = "Application", "Application\Application.csproj", "{68CB57F2-8225-46C3-952B-DECD9A9DBADA}"
EndProject
Global
	GlobalSection(SolutionConfigurationPlatforms) = preSolution
		Debug|Any CPU = Debug|Any CPU
		Debug|x64 = Debug|x64
		Debug|x86 = Debug|x86
		Release|Any CPU = Release|Any CPU
		Release|x64 = Release|x64
		Release|x86 = Release|x86
	EndGlobalSection
	GlobalSection(SolutionProperties) = preSolution
		HideSolutionNode = FALSE
	EndGlobalSection
	GlobalSection(ProjectConfigurationPlatforms) = postSolution
		{79C7A568-9107-4BB1-AAA5-66EB5B086C66}.Debug|Any CPU.ActiveCfg = Debug|Any CPU
		{79C7A568-9107-4BB1-AAA5-66EB5B086C66}.Debug|Any CPU.Build.0 = Debug|Any CPU
		{79C7A568-9107-4BB1-AAA5-66EB5B086C66}.Debug|x64.ActiveCfg = Debug|Any CPU
		{79C7A568-9107-4BB1-AAA5-66EB5B086C66}.Debug|x64.Build.0 = Debug|Any CPU
		{79C7A568-9107-4BB1-AAA5-66EB5B086C66}.Debug|x86.ActiveCfg = Debug|Any CPU
		{79C7A568-9107-4BB1-AAA5-66EB5B086C66}.Debug|x86.Build.0 = Debug|Any CPU
		{79C7A568-9107-4BB1-AAA5-66EB5B086C66}.Release|Any CPU.ActiveCfg = Release|Any CPU
		{79C7A568-9107-4BB1-AAA5-66EB5B086C66}.Release|Any CPU.Build.0 = Release|Any CPU
		{79C7A568-9107-4BB1-AAA5-66EB5B086C66}.Release|x64.ActiveCfg = Release|Any CPU
		{79C7A568-9107-4BB1-AAA5-66EB5B086C66}.Release|x64.Build.0 = Release|Any CPU
		{79C7A568-9107-4BB1-AAA5-66EB5B086C66}.Release|x86.ActiveCfg = Release|Any CPU
		{79C7A568-9107-4BB1-AAA5-66EB5B086C66}.Release|x86.Build.0 = Release|Any CPU
		{8799DB43-549F-4A22-91B7-FF16F6C185EE}.Debug|Any CPU.ActiveCfg = Debug|Any CPU
		{8799DB43-549F-4A22-91B7-FF16F6C185EE}.Debug|Any CPU.Build.0 = Debug|Any CPU
		{8799DB43-549F-4A22-91B7-FF16F6C185EE}.Debug|x64.ActiveCfg = Debug|Any CPU
		{8799DB43-549F-4A22-91B7-FF16F6C185EE}.Debug|x64.Build.0 = Debug|Any CPU
		{8799DB43-549F-4A22-91B7-FF16F6C185EE}.Debug|x86.ActiveCfg = Debug|Any CPU
		{8799DB43-549F-4A22-91B7-FF16F6C185EE}.Debug|x86.Build.0 = Debug|Any CPU
		{8799DB43-549F-4A22-91B7-FF16F6C185EE}.Release|Any CPU.ActiveCfg = Release|Any CPU
		{8799DB43-549F-4A22-91B7-FF16F6C185EE}.Release|Any CPU.Build.0 = Release|Any CPU
		{8799DB43-549F-4A22-91B7-FF16F6C185EE}.Release|x64.ActiveCfg = Release|Any CPU
		{8799DB43-549F-4A22-91B7-FF16F6C185EE}.Release|x64.Build.0 = Release|Any CPU
		{8799DB43-549F-4A22-91B7-FF16F6C185EE}.Release|x86.ActiveCfg = Release|Any CPU
		{8799DB43-549F-4A22-91B7-FF16F6C185EE}.Release|x86.Build.0 = Release|Any CPU
		{B7B0D750-81CA-4785-B9D3-1399974FBCD1}.Debug|Any CPU.ActiveCfg = Debug|Any CPU
		{B7B0D750-81CA-4785-B9D3-1399974FBCD1}.Debug|Any CPU.Build.0 = Debug|Any CPU
		{B7B0D750-81CA-4785-B9D3-1399974FBCD1}.Debug|x64.ActiveCfg = Debug|Any CPU
		{B7B0D750-81CA-4785-B9D3-1399974FBCD1}.Debug|x64.Build.0 = Debug|Any CPU
		{B7B0D750-81CA-4785-B9D3-1399974FBCD1}.Debug|x86.ActiveCfg = Debug|Any CPU
		{B7B0D750-81CA-4785-B9D3-1399974FBCD1}.Debug|x86.Build.0 = Debug|Any CPU
		{B7B0D750-81CA-4785-B9D3-1399974FBCD1}.Release|Any CPU.ActiveCfg = Release|Any CPU
		{B7B0D750-81CA-4785-B9D3-1399974FBCD1}.Release|Any CPU.Build.0 = Release|Any CPU
		{B7B0D750-81CA-4785-B9D3-1399974FBCD1}.Release|x64.ActiveCfg = Release|Any CPU
		{B7B0D750-81CA-4785-B9D3-1399974FBCD1}.Release|x64.Build.0 = Release|Any CPU
		{B7B0D750-81CA-4785-B9D3-1399974FBCD1}.Release|x86.ActiveCfg = Release|Any CPU
		{B7B0D750-81CA-4785-B9D3-1399974FBCD1}.Release|x86.Build.0 = Release|Any CPU
		{68CB57F2-8225-46C3-952B-DECD9A9DBADA}.Debug|Any CPU.ActiveCfg = Debug|Any CPU
		{68CB57F2-8225-46C3-952B-DECD9A9DBADA}.Debug|Any CPU.Build.0 = Debug|Any CPU
		{68CB57F2-8225-46C3-952B-DECD9A9DBADA}.Debug|x64.ActiveCfg = Debug|Any CPU
		{68CB57F2-8225-46C3-952B-DECD9A9DBADA}.Debug|x64.Build.0 = Debug|Any CPU
		{68CB57F2-8225-46C3-952B-DECD9A9DBADA}.Debug|x86.ActiveCfg = Debug|Any CPU
		{68CB57F2-8225-46C3-952B-DECD9A9DBADA}.Debug|x86.Build.0 = Debug|Any CPU
		{68CB57F2-8225-46C3-952B-DECD9A9DBADA}.Release|Any CPU.ActiveCfg = Release|Any CPU
		{68CB57F2-8225-46C3-952B-DECD9A9DBADA}.Release|Any CPU.Build.0 = Release|Any CPU
		{68CB57F2-8225-46C3-952B-DECD9A9DBADA}.Release|x64.ActiveCfg = Release|Any CPU
		{68CB57F2-8225-46C3-952B-DECD9A9DBADA}.Release|x64.Build.0 = Release|Any CPU
		{68CB57F2-8225-46C3-952B-DECD9A9DBADA}.Release|x86.ActiveCfg = Release|Any CPU
		{68CB57F2-8225-46C3-952B-DECD9A9DBADA}.Release|x86.Build.0 = Release|Any CPU
	EndGlobalSection
EndGlobal
